
Microsoft Visual Studio Solution File, Format Version 12.00
# Visual Studio Version 17
VisualStudioVersion = 17.7.34031.279
MinimumVisualStudioVersion = 10.0.40219.1
Project("{FAE04EC0-301F-11D3-BF4B-00C04F79EFBC}") = "UserControlUebung", "UserControlUebung\UserControlUebung.csproj", "{4A1485AC-D435-454E-8E96-1198432BD297}"
EndProject
Project("{FAE04EC0-301F-11D3-BF4B-00C04F79EFBC}") = "UserControl1", "UserControl1\UserControl1.csproj", "{B6088A97-67FC-4ABD-88E8-9592287E24B0}"
EndProject
Global
	GlobalSection(SolutionConfigurationPlatforms) = preSolution
		Debug|Any CPU = Debug|Any CPU
		Release|Any CPU = Release|Any CPU
	EndGlobalSection
	GlobalSection(ProjectConfigurationPlatforms) = postSolution
		{4A1485AC-D435-454E-8E96-1198432BD297}.Debug|Any CPU.ActiveCfg = Debug|Any CPU
		{4A1485AC-D435-454E-8E96-1198432BD297}.Debug|Any CPU.Build.0 = Debug|Any CPU
		{4A1485AC-D435-454E-8E96-1198432BD297}.Release|Any CPU.ActiveCfg = Release|Any CPU
		{4A1485AC-D435-454E-8E96-1198432BD297}.Release|Any CPU.Build.0 = Release|Any CPU
		{B6088A97-67FC-4ABD-88E8-9592287E24B0}.Debug|Any CPU.ActiveCfg = Debug|Any CPU
		{B6088A97-67FC-4ABD-88E8-9592287E24B0}.Debug|Any CPU.Build.0 = Debug|Any CPU
		{B6088A97-67FC-4ABD-88E8-9592287E24B0}.Release|Any CPU.ActiveCfg = Release|Any CPU
		{B6088A97-67FC-4ABD-88E8-9592287E24B0}.Release|Any CPU.Build.0 = Release|Any CPU
	EndGlobalSection
	GlobalSection(SolutionProperties) = preSolution
		HideSolutionNode = FALSE
	EndGlobalSection
	GlobalSection(ExtensibilityGlobals) = postSolution
		SolutionGuid = {754C94A2-D597-4B9D-95BE-8C2ABDE731FC}
	EndGlobalSection
EndGlobal
